
Microsoft Visual Studio Solution File, Format Version 12.00
# Visual Studio 15
VisualStudioVersion = 15.0.26730.8
MinimumVisualStudioVersion = 10.0.40219.1
Project("{8BC9CEB8-8B4A-11D0-8D11-00A0C91BC942}") = "AMK Renderer MSVC 2017", "AMK Renderer MSVC 2017\AMK Renderer MSVC 2017.vcxproj", "{855FC3A9-9491-4CFA-8A46-2B497BD3E862}"
EndProject
Global
	GlobalSection(SolutionConfigurationPlatforms) = preSolution
		Debug|x64 = Debug|x64
		Debug|x86 = Debug|x86
		Release|x64 = Release|x64
		Release|x86 = Release|x86
	EndGlobalSection
	GlobalSection(ProjectConfigurationPlatforms) = postSolution
		{855FC3A9-9491-4CFA-8A46-2B497BD3E862}.Debug|x64.ActiveCfg = Debug|x64
		{855FC3A9-9491-4CFA-8A46-2B497BD3E862}.Debug|x64.Build.0 = Debug|x64
		{855FC3A9-9491-4CFA-8A46-2B497BD3E862}.Debug|x86.ActiveCfg = Debug|Win32
		{855FC3A9-9491-4CFA-8A46-2B497BD3E862}.Debug|x86.Build.0 = Debug|Win32
		{855FC3A9-9491-4CFA-8A46-2B497BD3E862}.Release|x64.ActiveCfg = Release|x64
		{855FC3A9-9491-4CFA-8A46-2B497BD3E862}.Release|x64.Build.0 = Release|x64
		{855FC3A9-9491-4CFA-8A46-2B497BD3E862}.Release|x86.ActiveCfg = Release|Win32
		{855FC3A9-9491-4CFA-8A46-2B497BD3E862}.Release|x86.Build.0 = Release|Win32
	EndGlobalSection
	GlobalSection(SolutionProperties) = preSolution
		HideSolutionNode = FALSE
	EndGlobalSection
	GlobalSection(ExtensibilityGlobals) = postSolution
		SolutionGuid = {AA8D35DA-1585-4FE2-8055-613F5F38E6D4}
	EndGlobalSection
EndGlobal
